
Microsoft Visual Studio Solution File, Format Version 12.00
# Visual Studio Version 16
VisualStudioVersion = 16.0.29926.136
MinimumVisualStudioVersion = 10.0.40219.1
Project("{FAE04EC0-301F-11D3-BF4B-00C04F79EFBC}") = "gitDemo01", "gitDemo01\gitDemo01.csproj", "{6A1F7F33-CC06-4D0F-88F0-482BC592450D}"
EndProject
Global
	GlobalSection(SolutionConfigurationPlatforms) = preSolution
		Debug|Any CPU = Debug|Any CPU
		Release|Any CPU = Release|Any CPU
	EndGlobalSection
	GlobalSection(ProjectConfigurationPlatforms) = postSolution
		{6A1F7F33-CC06-4D0F-88F0-482BC592450D}.Debug|Any CPU.ActiveCfg = Debug|Any CPU
		{6A1F7F33-CC06-4D0F-88F0-482BC592450D}.Debug|Any CPU.Build.0 = Debug|Any CPU
		{6A1F7F33-CC06-4D0F-88F0-482BC592450D}.Release|Any CPU.ActiveCfg = Release|Any CPU
		{6A1F7F33-CC06-4D0F-88F0-482BC592450D}.Release|Any CPU.Build.0 = Release|Any CPU
	EndGlobalSection
	GlobalSection(SolutionProperties) = preSolution
		HideSolutionNode = FALSE
	EndGlobalSection
	GlobalSection(ExtensibilityGlobals) = postSolution
		SolutionGuid = {043FE10E-9E6D-448E-99E3-9051BCDF9054}
	EndGlobalSection
EndGlobal
